
Microsoft Visual Studio Solution File, Format Version 12.00
# Visual Studio Version 16
VisualStudioVersion = 16.0.31112.23
MinimumVisualStudioVersion = 10.0.40219.1
Project("{FAE04EC0-301F-11D3-BF4B-00C04F79EFBC}") = "HTTP_HANDLER", "HTTP_HANDLER.csproj", "{5F567689-5186-4629-AA41-B37F6825B0EB}"
EndProject
Global
	GlobalSection(SolutionConfigurationPlatforms) = preSolution
		Debug|Any CPU = Debug|Any CPU
		Release|Any CPU = Release|Any CPU
	EndGlobalSection
	GlobalSection(ProjectConfigurationPlatforms) = postSolution
		{5F567689-5186-4629-AA41-B37F6825B0EB}.Debug|Any CPU.ActiveCfg = Debug|Any CPU
		{5F567689-5186-4629-AA41-B37F6825B0EB}.Debug|Any CPU.Build.0 = Debug|Any CPU
		{5F567689-5186-4629-AA41-B37F6825B0EB}.Release|Any CPU.ActiveCfg = Release|Any CPU
		{5F567689-5186-4629-AA41-B37F6825B0EB}.Release|Any CPU.Build.0 = Release|Any CPU
	EndGlobalSection
	GlobalSection(SolutionProperties) = preSolution
		HideSolutionNode = FALSE
	EndGlobalSection
	GlobalSection(ExtensibilityGlobals) = postSolution
		SolutionGuid = {D3C15D44-736D-4338-9094-F2902AF6DF71}
	EndGlobalSection
EndGlobal
