
Microsoft Visual Studio Solution File, Format Version 12.00
# Visual Studio Version 16
VisualStudioVersion = 16.0.31112.23
MinimumVisualStudioVersion = 10.0.40219.1
Project("{FAE04EC0-301F-11D3-BF4B-00C04F79EFBC}") = "ASMX", "ASMX.csproj", "{01C2D3F8-8E47-4755-B110-81133A7DDF96}"
EndProject
Project("{FAE04EC0-301F-11D3-BF4B-00C04F79EFBC}") = "Client", "..\Client\Client.csproj", "{0DF7FD82-8E08-40BD-A10B-82C3A1FE638F}"
EndProject
Global
	GlobalSection(SolutionConfigurationPlatforms) = preSolution
		Debug|Any CPU = Debug|Any CPU
		Release|Any CPU = Release|Any CPU
	EndGlobalSection
	GlobalSection(ProjectConfigurationPlatforms) = postSolution
		{01C2D3F8-8E47-4755-B110-81133A7DDF96}.Debug|Any CPU.ActiveCfg = Debug|Any CPU
		{01C2D3F8-8E47-4755-B110-81133A7DDF96}.Debug|Any CPU.Build.0 = Debug|Any CPU
		{01C2D3F8-8E47-4755-B110-81133A7DDF96}.Release|Any CPU.ActiveCfg = Release|Any CPU
		{01C2D3F8-8E47-4755-B110-81133A7DDF96}.Release|Any CPU.Build.0 = Release|Any CPU
		{0DF7FD82-8E08-40BD-A10B-82C3A1FE638F}.Debug|Any CPU.ActiveCfg = Debug|Any CPU
		{0DF7FD82-8E08-40BD-A10B-82C3A1FE638F}.Debug|Any CPU.Build.0 = Debug|Any CPU
		{0DF7FD82-8E08-40BD-A10B-82C3A1FE638F}.Release|Any CPU.ActiveCfg = Release|Any CPU
		{0DF7FD82-8E08-40BD-A10B-82C3A1FE638F}.Release|Any CPU.Build.0 = Release|Any CPU
	EndGlobalSection
	GlobalSection(SolutionProperties) = preSolution
		HideSolutionNode = FALSE
	EndGlobalSection
	GlobalSection(ExtensibilityGlobals) = postSolution
		SolutionGuid = {A40F604F-0DDB-4094-B908-3385DD40FC83}
	EndGlobalSection
EndGlobal
